
Microsoft Visual Studio Solution File, Format Version 12.00
# Visual Studio 14
VisualStudioVersion = 14.0.25420.1
MinimumVisualStudioVersion = 10.0.40219.1
Project("{FAE04EC0-301F-11D3-BF4B-00C04F79EFBC}") = "DiscreteMaC_Lib", "DiscreteMaC_Lib\DiscreteMaC_Lib.csproj", "{23552BB2-CF25-4DD1-813B-7E184119CFB9}"
EndProject
Project("{FAE04EC0-301F-11D3-BF4B-00C04F79EFBC}") = "Console_Test", "Console_Test\Console_Test.csproj", "{DC2E51FE-9A16-4172-AD8F-0ABAD586E62A}"
EndProject
Project("{FAE04EC0-301F-11D3-BF4B-00C04F79EFBC}") = "Lab1", "Lab1\Lab1.csproj", "{7895A7BC-5634-4D2C-98AA-A3F35E309841}"
EndProject
Project("{FAE04EC0-301F-11D3-BF4B-00C04F79EFBC}") = "Lab1_6", "Lab1_6\Lab1_6.csproj", "{E5D473DC-8DFA-45C9-BF5D-BE0A76D5A301}"
EndProject
Project("{FAE04EC0-301F-11D3-BF4B-00C04F79EFBC}") = "Lab2_6", "Lab2_6\Lab2_6.csproj", "{B8EAD879-62B7-454D-9CF1-D24DBBFF6D67}"
EndProject
Project("{FAE04EC0-301F-11D3-BF4B-00C04F79EFBC}") = "Lab2_8", "Lab2_8\Lab2_8.csproj", "{BED881E0-0A8B-4146-9DBB-CC6126CF034F}"
EndProject
Global
	GlobalSection(SolutionConfigurationPlatforms) = preSolution
		Debug|Any CPU = Debug|Any CPU
		Release|Any CPU = Release|Any CPU
	EndGlobalSection
	GlobalSection(ProjectConfigurationPlatforms) = postSolution
		{23552BB2-CF25-4DD1-813B-7E184119CFB9}.Debug|Any CPU.ActiveCfg = Debug|Any CPU
		{23552BB2-CF25-4DD1-813B-7E184119CFB9}.Debug|Any CPU.Build.0 = Debug|Any CPU
		{23552BB2-CF25-4DD1-813B-7E184119CFB9}.Release|Any CPU.ActiveCfg = Release|Any CPU
		{23552BB2-CF25-4DD1-813B-7E184119CFB9}.Release|Any CPU.Build.0 = Release|Any CPU
		{DC2E51FE-9A16-4172-AD8F-0ABAD586E62A}.Debug|Any CPU.ActiveCfg = Debug|Any CPU
		{DC2E51FE-9A16-4172-AD8F-0ABAD586E62A}.Debug|Any CPU.Build.0 = Debug|Any CPU
		{DC2E51FE-9A16-4172-AD8F-0ABAD586E62A}.Release|Any CPU.ActiveCfg = Release|Any CPU
		{DC2E51FE-9A16-4172-AD8F-0ABAD586E62A}.Release|Any CPU.Build.0 = Release|Any CPU
		{7895A7BC-5634-4D2C-98AA-A3F35E309841}.Debug|Any CPU.ActiveCfg = Debug|Any CPU
		{7895A7BC-5634-4D2C-98AA-A3F35E309841}.Debug|Any CPU.Build.0 = Debug|Any CPU
		{7895A7BC-5634-4D2C-98AA-A3F35E309841}.Release|Any CPU.ActiveCfg = Release|Any CPU
		{7895A7BC-5634-4D2C-98AA-A3F35E309841}.Release|Any CPU.Build.0 = Release|Any CPU
		{E5D473DC-8DFA-45C9-BF5D-BE0A76D5A301}.Debug|Any CPU.ActiveCfg = Debug|Any CPU
		{E5D473DC-8DFA-45C9-BF5D-BE0A76D5A301}.Debug|Any CPU.Build.0 = Debug|Any CPU
		{E5D473DC-8DFA-45C9-BF5D-BE0A76D5A301}.Release|Any CPU.ActiveCfg = Release|Any CPU
		{E5D473DC-8DFA-45C9-BF5D-BE0A76D5A301}.Release|Any CPU.Build.0 = Release|Any CPU
		{B8EAD879-62B7-454D-9CF1-D24DBBFF6D67}.Debug|Any CPU.ActiveCfg = Debug|Any CPU
		{B8EAD879-62B7-454D-9CF1-D24DBBFF6D67}.Debug|Any CPU.Build.0 = Debug|Any CPU
		{B8EAD879-62B7-454D-9CF1-D24DBBFF6D67}.Release|Any CPU.ActiveCfg = Release|Any CPU
		{B8EAD879-62B7-454D-9CF1-D24DBBFF6D67}.Release|Any CPU.Build.0 = Release|Any CPU
		{BED881E0-0A8B-4146-9DBB-CC6126CF034F}.Debug|Any CPU.ActiveCfg = Debug|Any CPU
		{BED881E0-0A8B-4146-9DBB-CC6126CF034F}.Debug|Any CPU.Build.0 = Debug|Any CPU
		{BED881E0-0A8B-4146-9DBB-CC6126CF034F}.Release|Any CPU.ActiveCfg = Release|Any CPU
		{BED881E0-0A8B-4146-9DBB-CC6126CF034F}.Release|Any CPU.Build.0 = Release|Any CPU
	EndGlobalSection
	GlobalSection(SolutionProperties) = preSolution
		HideSolutionNode = FALSE
	EndGlobalSection
EndGlobal
